
Microsoft Visual Studio Solution File, Format Version 12.00
# Visual Studio Version 17
VisualStudioVersion = 17.13.35828.75 d17.13
MinimumVisualStudioVersion = 10.0.40219.1
Project("{FAE04EC0-301F-11D3-BF4B-00C04F79EFBC}") = "YHDesign project", "YHDesign project.csproj", "{676CDEA4-13E8-44FB-9B8C-5B476D0E457C}"
EndProject
Global
	GlobalSection(SolutionConfigurationPlatforms) = preSolution
		Debug|Any CPU = Debug|Any CPU
		Release|Any CPU = Release|Any CPU
	EndGlobalSection
	GlobalSection(ProjectConfigurationPlatforms) = postSolution
		{676CDEA4-13E8-44FB-9B8C-5B476D0E457C}.Debug|Any CPU.ActiveCfg = Debug|Any CPU
		{676CDEA4-13E8-44FB-9B8C-5B476D0E457C}.Debug|Any CPU.Build.0 = Debug|Any CPU
		{676CDEA4-13E8-44FB-9B8C-5B476D0E457C}.Release|Any CPU.ActiveCfg = Release|Any CPU
		{676CDEA4-13E8-44FB-9B8C-5B476D0E457C}.Release|Any CPU.Build.0 = Release|Any CPU
	EndGlobalSection
	GlobalSection(SolutionProperties) = preSolution
		HideSolutionNode = FALSE
	EndGlobalSection
	GlobalSection(ExtensibilityGlobals) = postSolution
		SolutionGuid = {1DD320A3-65C1-45AF-9ED9-DE4221FDFA63}
	EndGlobalSection
EndGlobal
